{
  "lockfile_version": "1",
  "packages": {
    "cmake": {
      "resolved": "github:NixOS/nixpkgs/f8573b9c935cfaa162dd62cc9e75ae2db86f85df?narHash=sha256-hpXH0z3K9xv0fHaje136KY872VT2T5uwxtezlAskQgY%3D#cmake",
      "source": "nixpkg",
      "systems": {
        "x86_64-linux": {
          "outputs": [
            {
              "path": "/nix/store/1m0z4ixir10fg7ba7g131js04bxgv265-cmake-4.1.2",
              "default": true
            }
          ]
        }
      }
    },
    "curl": {
      "resolved": "github:NixOS/nixpkgs/f8573b9c935cfaa162dd62cc9e75ae2db86f85df?narHash=sha256-hpXH0z3K9xv0fHaje136KY872VT2T5uwxtezlAskQgY%3D#curl",
      "source": "nixpkg",
      "systems": {
        "x86_64-linux": {
          "outputs": [
            {
              "name": "bin",
              "path": "/nix/store/50bwm2f9bzx1vn4fbn2azgx76pqngzc2-curl-8.18.0-bin",
              "default": true
            },
            {
              "name": "man",
              "path": "/nix/store/skq7kivsvp0g5c1jpk1qan8mmy2virvz-curl-8.18.0-man",
              "default": true
            }
          ]
        }
      }
    },
    "gcc@14": {
      "last_modified": "2025-11-23T21:50:36Z",
      "resolved": "github:NixOS/nixpkgs/ee09932cedcef15aaf476f9343d1dea2cb77e261#gcc",
      "source": "devbox-search",
      "version": "14.3.0",
      "systems": {
        "aarch64-darwin": {
          "outputs": [
            {
              "name": "out",
              "path": "/nix/store/8v1nfyjmlaw8a51dhrjapzipxyrhzxyp-gcc-wrapper-14.3.0",
              "default": true
            },
            {
              "name": "man",
              "path": "/nix/store/hhaqbbgq8za9kglfsfj46q21r4zad67r-gcc-wrapper-14.3.0-man",
              "default": true
            },
            {
              "name": "info",
              "path": "/nix/store/1lar3wzxglw0zhwzc7vly24xx36bl4ha-gcc-wrapper-14.3.0-info"
            }
          ],
          "store_path": "/nix/store/8v1nfyjmlaw8a51dhrjapzipxyrhzxyp-gcc-wrapper-14.3.0"
        },
        "aarch64-linux": {
          "outputs": [
            {
              "name": "out",
              "path": "/nix/store/48ywmq5vl4jld47z5f1p662vwi0anw6y-gcc-wrapper-14.3.0",
              "default": true
            },
            {
              "name": "man",
              "path": "/nix/store/2f2wsf8vcd02j3lzjmvp21cw8gx1aj4m-gcc-wrapper-14.3.0-man",
              "default": true
            },
            {
              "name": "info",
              "path": "/nix/store/ibhizkj7d278admccd3b6d3cab5ny147-gcc-wrapper-14.3.0-info"
            }
          ],
          "store_path": "/nix/store/48ywmq5vl4jld47z5f1p662vwi0anw6y-gcc-wrapper-14.3.0"
        },
        "x86_64-darwin": {
          "outputs": [
            {
              "name": "out",
              "path": "/nix/store/rx0314wlamy1kqwq1ya539ng8njwbznz-gcc-wrapper-14.3.0",
              "default": true
            },
            {
              "name": "man",
              "path": "/nix/store/r2j5jn249yfy4mi8r3mc8qfpxvhcc5b6-gcc-wrapper-14.3.0-man",
              "default": true
            },
            {
              "name": "info",
              "path": "/nix/store/yw6b0v6ck58rhflv2fl729p4d4kc7am2-gcc-wrapper-14.3.0-info"
            }
          ],
          "store_path": "/nix/store/rx0314wlamy1kqwq1ya539ng8njwbznz-gcc-wrapper-14.3.0"
        },
        "x86_64-linux": {
          "outputs": [
            {
              "name": "out",
              "path": "/nix/store/vr15iyyykg9zai6fpgvhcgyw7gckl78w-gcc-wrapper-14.3.0",
              "default": true
            },
            {
              "name": "man",
              "path": "/nix/store/bb8rnwrvpa8z5x3yxr9sndqs31zl11bc-gcc-wrapper-14.3.0-man",
              "default": true
            },
            {
              "name": "info",
              "path": "/nix/store/3rfwb68rg2nna0b4cj222wyz5iwkgkww-gcc-wrapper-14.3.0-info"
            }
          ],
          "store_path": "/nix/store/vr15iyyykg9zai6fpgvhcgyw7gckl78w-gcc-wrapper-14.3.0"
        }
      }
    },
    "git": {
      "resolved": "github:NixOS/nixpkgs/f8573b9c935cfaa162dd62cc9e75ae2db86f85df?narHash=sha256-hpXH0z3K9xv0fHaje136KY872VT2T5uwxtezlAskQgY%3D#git",
      "source": "nixpkg",
      "systems": {
        "x86_64-linux": {
          "outputs": [
            {
              "path": "/nix/store/8x49w8i0vafv34rlc6h4a0f7z0z2qpb5-git-2.53.0",
              "default": true
            }
          ]
        }
      }
    },
    "github:NixOS/nixpkgs/nixpkgs-unstable": {
      "last_modified": "2026-03-16T02:27:38Z",
      "resolved": "github:NixOS/nixpkgs/f8573b9c935cfaa162dd62cc9e75ae2db86f85df?lastModified=1773628058&narHash=sha256-hpXH0z3K9xv0fHaje136KY872VT2T5uwxtezlAskQgY%3D"
    },
    "ninja": {
      "resolved": "github:NixOS/nixpkgs/f8573b9c935cfaa162dd62cc9e75ae2db86f85df?narHash=sha256-hpXH0z3K9xv0fHaje136KY872VT2T5uwxtezlAskQgY%3D#ninja",
      "source": "nixpkg",
      "systems": {
        "x86_64-linux": {
          "outputs": [
            {
              "path": "/nix/store/4siii6hvzs9ymbq37k04vcpx6xnybz21-ninja-1.13.2",
              "default": true
            }
          ]
        }
      }
    },
    "openssl": {
      "resolved": "github:NixOS/nixpkgs/f8573b9c935cfaa162dd62cc9e75ae2db86f85df?narHash=sha256-hpXH0z3K9xv0fHaje136KY872VT2T5uwxtezlAskQgY%3D#openssl",
      "source": "nixpkg",
      "systems": {
        "x86_64-linux": {
          "outputs": [
            {
              "name": "bin",
              "path": "/nix/store/9nww32bprhg1rr1qj423xdr5mwnqk93z-openssl-3.6.1-bin",
              "default": true
            },
            {
              "name": "man",
              "path": "/nix/store/7bvx99sfzk9iw2pa4131a4qaqmifwl05-openssl-3.6.1-man",
              "default": true
            }
          ]
        }
      }
    }
  }
}
